// !$*UTF8*$!
{
	archiveVersion = 1;
	classes = {
	};
	objectVersion = 55;
	objects = {

/* Begin PBXBuildFile section */
		978504D3293E3E81009FAC92 /* Realm in Frameworks */ = {isa = PBXBuildFile; productRef = 978504D2293E3E81009FAC92 /* Realm */; };
		978504D5293E3E81009FAC92 /* RealmSwift in Frameworks */ = {isa = PBXBuildFile; productRef = 978504D4293E3E81009FAC92 /* RealmSwift */; };
		97909AA1293CD23D0084F856 /* ToDoViewController.swift in Sources */ = {isa = PBXBuildFile; fileRef = 97909AA0293CD23D0084F856 /* ToDoViewController.swift */; };
		97909AA3293CD2510084F856 /* BaseTableViewCell.swift in Sources */ = {isa = PBXBuildFile; fileRef = 97909AA2293CD2510084F856 /* BaseTableViewCell.swift */; };
		97909AA6293CD2650084F856 /* MyCell.swift in Sources */ = {isa = PBXBuildFile; fileRef = 97909AA4293CD2650084F856 /* MyCell.swift */; };
		97909AA7293CD2650084F856 /* MyCell.xib in Resources */ = {isa = PBXBuildFile; fileRef = 97909AA5293CD2650084F856 /* MyCell.xib */; };
		97909AA9293CD4000084F856 /* Extensions.swift in Sources */ = {isa = PBXBuildFile; fileRef = 97909AA8293CD4000084F856 /* Extensions.swift */; };
		97909AAB293CD4240084F856 /* Constants.swift in Sources */ = {isa = PBXBuildFile; fileRef = 97909AAA293CD4240084F856 /* Constants.swift */; };
		97A5B195293CD11B005B7492 /* AppDelegate.swift in Sources */ = {isa = PBXBuildFile; fileRef = 97A5B194293CD11B005B7492 /* AppDelegate.swift */; };
		97A5B197293CD11B005B7492 /* SceneDelegate.swift in Sources */ = {isa = PBXBuildFile; fileRef = 97A5B196293CD11B005B7492 /* SceneDelegate.swift */; };
		97A5B199293CD11B005B7492 /* CategoryViewController.swift in Sources */ = {isa = PBXBuildFile; fileRef = 97A5B198293CD11B005B7492 /* CategoryViewController.swift */; };
		97A5B19C293CD11B005B7492 /* Main.storyboard in Resources */ = {isa = PBXBuildFile; fileRef = 97A5B19A293CD11B005B7492 /* Main.storyboard */; };
		97A5B1A1293CD11B005B7492 /* Assets.xcassets in Resources */ = {isa = PBXBuildFile; fileRef = 97A5B1A0293CD11B005B7492 /* Assets.xcassets */; };
		97A5B1A4293CD11B005B7492 /* LaunchScreen.storyboard in Resources */ = {isa = PBXBuildFile; fileRef = 97A5B1A2293CD11B005B7492 /* LaunchScreen.storyboard */; };
		97E3D41D293E59FA006BA652 /* Category.swift in Sources */ = {isa = PBXBuildFile; fileRef = 97E3D41C293E59FA006BA652 /* Category.swift */; };
		97E3D41F293E5A01006BA652 /* Item.swift in Sources */ = {isa = PBXBuildFile; fileRef = 97E3D41E293E5A01006BA652 /* Item.swift */; };
/* End PBXBuildFile section */

/* Begin PBXFileReference section */
		97909AA0293CD23D0084F856 /* ToDoViewController.swift */ = {isa = PBXFileReference; lastKnownFileType = sourcecode.swift; path = ToDoViewController.swift; sourceTree = "<group>"; };
		97909AA2293CD2510084F856 /* BaseTableViewCell.swift */ = {isa = PBXFileReference; lastKnownFileType = sourcecode.swift; path = BaseTableViewCell.swift; sourceTree = "<group>"; };
		97909AA4293CD2650084F856 /* MyCell.swift */ = {isa = PBXFileReference; lastKnownFileType = sourcecode.swift; path = MyCell.swift; sourceTree = "<group>"; };
		97909AA5293CD2650084F856 /* MyCell.xib */ = {isa = PBXFileReference; lastKnownFileType = file.xib; path = MyCell.xib; sourceTree = "<group>"; };
		97909AA8293CD4000084F856 /* Extensions.swift */ = {isa = PBXFileReference; lastKnownFileType = sourcecode.swift; path = Extensions.swift; sourceTree = "<group>"; };
		97909AAA293CD4240084F856 /* Constants.swift */ = {isa = PBXFileReference; lastKnownFileType = sourcecode.swift; path = Constants.swift; sourceTree = "<group>"; };
		97A5B191293CD11B005B7492 /* To-Do.app */ = {isa = PBXFileReference; explicitFileType = wrapper.application; includeInIndex = 0; path = "To-Do.app"; sourceTree = BUILT_PRODUCTS_DIR; };
		97A5B194293CD11B005B7492 /* AppDelegate.swift */ = {isa = PBXFileReference; lastKnownFileType = sourcecode.swift; path = AppDelegate.swift; sourceTree = "<group>"; };
		97A5B196293CD11B005B7492 /* SceneDelegate.swift */ = {isa = PBXFileReference; lastKnownFileType = sourcecode.swift; path = SceneDelegate.swift; sourceTree = "<group>"; };
		97A5B198293CD11B005B7492 /* CategoryViewController.swift */ = {isa = PBXFileReference; lastKnownFileType = sourcecode.swift; path = CategoryViewController.swift; sourceTree = "<group>"; };
		97A5B19B293CD11B005B7492 /* Base */ = {isa = PBXFileReference; lastKnownFileType = file.storyboard; name = Base; path = Base.lproj/Main.storyboard; sourceTree = "<group>"; };
		97A5B1A0293CD11B005B7492 /* Assets.xcassets */ = {isa = PBXFileReference; lastKnownFileType = folder.assetcatalog; path = Assets.xcassets; sourceTree = "<group>"; };
		97A5B1A3293CD11B005B7492 /* Base */ = {isa = PBXFileReference; lastKnownFileType = file.storyboard; name = Base; path = Base.lproj/LaunchScreen.storyboard; sourceTree = "<group>"; };
		97A5B1A5293CD11B005B7492 /* Info.plist */ = {isa = PBXFileReference; lastKnownFileType = text.plist.xml; path = Info.plist; sourceTree = "<group>"; };
		97E3D41C293E59FA006BA652 /* Category.swift */ = {isa = PBXFileReference; lastKnownFileType = sourcecode.swift; path = Category.swift; sourceTree = "<group>"; };
		97E3D41E293E5A01006BA652 /* Item.swift */ = {isa = PBXFileReference; lastKnownFileType = sourcecode.swift; path = Item.swift; sourceTree = "<group>"; };
/* End PBXFileReference section */

/* Begin PBXFrameworksBuildPhase section */
		97A5B18E293CD11B005B7492 /* Frameworks */ = {
			isa = PBXFrameworksBuildPhase;
			buildActionMask = 2147483647;
			files = (
				978504D5293E3E81009FAC92 /* RealmSwift in Frameworks */,
				978504D3293E3E81009FAC92 /* Realm in Frameworks */,
			);
			runOnlyForDeploymentPostprocessing = 0;
		};
/* End PBXFrameworksBuildPhase section */

/* Begin PBXGroup section */
		97A5B188293CD11B005B7492 = {
			isa = PBXGroup;
			children = (
				97A5B193293CD11B005B7492 /* To-Do */,
				97A5B192293CD11B005B7492 /* Products */,
			);
			sourceTree = "<group>";
		};
		97A5B192293CD11B005B7492 /* Products */ = {
			isa = PBXGroup;
			children = (
				97A5B191293CD11B005B7492 /* To-Do.app */,
			);
			name = Products;
			sourceTree = "<group>";
		};
		97A5B193293CD11B005B7492 /* To-Do */ = {
			isa = PBXGroup;
			children = (
				97A5B194293CD11B005B7492 /* AppDelegate.swift */,
				97A5B196293CD11B005B7492 /* SceneDelegate.swift */,
				97A5B1AE293CD146005B7492 /* Extensions */,
				97A5B1AD293CD13A005B7492 /* Models */,
				97A5B1AC293CD12D005B7492 /* Views */,
				97A5B1AB293CD122005B7492 /* Controllers */,
				97A5B1A5293CD11B005B7492 /* Info.plist */,
			);
			path = "To-Do";
			sourceTree = "<group>";
		};
		97A5B1AB293CD122005B7492 /* Controllers */ = {
			isa = PBXGroup;
			children = (
				97A5B198293CD11B005B7492 /* CategoryViewController.swift */,
				97909AA0293CD23D0084F856 /* ToDoViewController.swift */,
				97909AA2293CD2510084F856 /* BaseTableViewCell.swift */,
				97909AA4293CD2650084F856 /* MyCell.swift */,
				97909AA5293CD2650084F856 /* MyCell.xib */,
			);
			path = Controllers;
			sourceTree = "<group>";
		};
		97A5B1AC293CD12D005B7492 /* Views */ = {
			isa = PBXGroup;
			children = (
				97A5B19A293CD11B005B7492 /* Main.storyboard */,
				97A5B1A0293CD11B005B7492 /* Assets.xcassets */,
				97A5B1A2293CD11B005B7492 /* LaunchScreen.storyboard */,
			);
			path = Views;
			sourceTree = "<group>";
		};
		97A5B1AD293CD13A005B7492 /* Models */ = {
			isa = PBXGroup;
			children = (
				97E3D41C293E59FA006BA652 /* Category.swift */,
				97E3D41E293E5A01006BA652 /* Item.swift */,
			);
			path = Models;
			sourceTree = "<group>";
		};
		97A5B1AE293CD146005B7492 /* Extensions */ = {
			isa = PBXGroup;
			children = (
				97909AA8293CD4000084F856 /* Extensions.swift */,
				97909AAA293CD4240084F856 /* Constants.swift */,
			);
			path = Extensions;
			sourceTree = "<group>";
		};
/* End PBXGroup section */

/* Begin PBXNativeTarget section */
		97A5B190293CD11B005B7492 /* To-Do */ = {
			isa = PBXNativeTarget;
			buildConfigurationList = 97A5B1A8293CD11B005B7492 /* Build configuration list for PBXNativeTarget "To-Do" */;
			buildPhases = (
				97A5B18D293CD11B005B7492 /* Sources */,
				97A5B18E293CD11B005B7492 /* Frameworks */,
				97A5B18F293CD11B005B7492 /* Resources */,
			);
			buildRules = (
			);
			dependencies = (
			);
			name = "To-Do";
			packageProductDependencies = (
				978504D2293E3E81009FAC92 /* Realm */,
				978504D4293E3E81009FAC92 /* RealmSwift */,
			);
			productName = "To-Do";
			productReference = 97A5B191293CD11B005B7492 /* To-Do.app */;
			productType = "com.apple.product-type.application";
		};
/* End PBXNativeTarget section */

/* Begin PBXProject section */
		97A5B189293CD11B005B7492 /* Project object */ = {
			isa = PBXProject;
			attributes = {
				BuildIndependentTargetsInParallel = 1;
				LastSwiftUpdateCheck = 1340;
				LastUpgradeCheck = 1340;
				TargetAttributes = {
					97A5B190293CD11B005B7492 = {
						CreatedOnToolsVersion = 13.4.1;
					};
				};
			};
			buildConfigurationList = 97A5B18C293CD11B005B7492 /* Build configuration list for PBXProject "To-Do" */;
			compatibilityVersion = "Xcode 13.0";
			developmentRegion = en;
			hasScannedForEncodings = 0;
			knownRegions = (
				en,
				Base,
			);
			mainGroup = 97A5B188293CD11B005B7492;
			packageReferences = (
				978504D1293E3E81009FAC92 /* XCRemoteSwiftPackageReference "realm-swift" */,
			);
			productRefGroup = 97A5B192293CD11B005B7492 /* Products */;
			projectDirPath = "";
			projectRoot = "";
			targets = (
				97A5B190293CD11B005B7492 /* To-Do */,
			);
		};
/* End PBXProject section */

/* Begin PBXResourcesBuildPhase section */
		97A5B18F293CD11B005B7492 /* Resources */ = {
			isa = PBXResourcesBuildPhase;
			buildActionMask = 2147483647;
			files = (
				97A5B1A4293CD11B005B7492 /* LaunchScreen.storyboard in Resources */,
				97909AA7293CD2650084F856 /* MyCell.xib in Resources */,
				97A5B1A1293CD11B005B7492 /* Assets.xcassets in Resources */,
				97A5B19C293CD11B005B7492 /* Main.storyboard in Resources */,
			);
			runOnlyForDeploymentPostprocessing = 0;
		};
/* End PBXResourcesBuildPhase section */

/* Begin PBXSourcesBuildPhase section */
		97A5B18D293CD11B005B7492 /* Sources */ = {
			isa = PBXSourcesBuildPhase;
			buildActionMask = 2147483647;
			files = (
				97A5B199293CD11B005B7492 /* CategoryViewController.swift in Sources */,
				97E3D41D293E59FA006BA652 /* Category.swift in Sources */,
				97A5B195293CD11B005B7492 /* AppDelegate.swift in Sources */,
				97A5B197293CD11B005B7492 /* SceneDelegate.swift in Sources */,
				97909AA9293CD4000084F856 /* Extensions.swift in Sources */,
				97E3D41F293E5A01006BA652 /* Item.swift in Sources */,
				97909AA6293CD2650084F856 /* MyCell.swift in Sources */,
				97909AA3293CD2510084F856 /* BaseTableViewCell.swift in Sources */,
				97909AA1293CD23D0084F856 /* ToDoViewController.swift in Sources */,
				97909AAB293CD4240084F856 /* Constants.swift in Sources */,
			);
			runOnlyForDeploymentPostprocessing = 0;
		};
/* End PBXSourcesBuildPhase section */

/* Begin PBXVariantGroup section */
		97A5B19A293CD11B005B7492 /* Main.storyboard */ = {
			isa = PBXVariantGroup;
			children = (
				97A5B19B293CD11B005B7492 /* Base */,
			);
			name = Main.storyboard;
			sourceTree = "<group>";
		};
		97A5B1A2293CD11B005B7492 /* LaunchScreen.storyboard */ = {
			isa = PBXVariantGroup;
			children = (
				97A5B1A3293CD11B005B7492 /* Base */,
			);
			name = LaunchScreen.storyboard;
			sourceTree = "<group>";
		};
/* End PBXVariantGroup section */

/* Begin XCBuildConfiguration section */
		97A5B1A6293CD11B005B7492 /* Debug */ = {
			isa = XCBuildConfiguration;
			buildSettings = {
				ALWAYS_SEARCH_USER_PATHS = NO;
				CLANG_ANALYZER_NONNULL = YES;
				CLANG_ANALYZER_NUMBER_OBJECT_CONVERSION = YES_AGGRESSIVE;
				CLANG_CXX_LANGUAGE_STANDARD = "gnu++17";
				CLANG_ENABLE_MODULES = YES;
				CLANG_ENABLE_OBJC_ARC = YES;
				CLANG_ENABLE_OBJC_WEAK = YES;
				CLANG_WARN_BLOCK_CAPTURE_AUTORELEASING = YES;
				CLANG_WARN_BOOL_CONVERSION = YES;
				CLANG_WARN_COMMA = YES;
				CLANG_WARN_CONSTANT_CONVERSION = YES;
				CLANG_WARN_DEPRECATED_OBJC_IMPLEMENTATIONS = YES;
				CLANG_WARN_DIRECT_OBJC_ISA_USAGE = YES_ERROR;
				CLANG_WARN_DOCUMENTATION_COMMENTS = YES;
				CLANG_WARN_EMPTY_BODY = YES;
				CLANG_WARN_ENUM_CONVERSION = YES;
				CLANG_WARN_INFINITE_RECURSION = YES;
				CLANG_WARN_INT_CONVERSION = YES;
				CLANG_WARN_NON_LITERAL_NULL_CONVERSION = YES;
				CLANG_WARN_OBJC_IMPLICIT_RETAIN_SELF = YES;
				CLANG_WARN_OBJC_LITERAL_CONVERSION = YES;
				CLANG_WARN_OBJC_ROOT_CLASS = YES_ERROR;
				CLANG_WARN_QUOTED_INCLUDE_IN_FRAMEWORK_HEADER = YES;
				CLANG_WARN_RANGE_LOOP_ANALYSIS = YES;
				CLANG_WARN_STRICT_PROTOTYPES = YES;
				CLANG_WARN_SUSPICIOUS_MOVE = YES;
				CLANG_WARN_UNGUARDED_AVAILABILITY = YES_AGGRESSIVE;
				CLANG_WARN_UNREACHABLE_CODE = YES;
				CLANG_WARN__DUPLICATE_METHOD_MATCH = YES;
				COPY_PHASE_STRIP = NO;
				DEBUG_INFORMATION_FORMAT = dwarf;
				ENABLE_STRICT_OBJC_MSGSEND = YES;
				ENABLE_TESTABILITY = YES;
				GCC_C_LANGUAGE_STANDARD = gnu11;
				GCC_DYNAMIC_NO_PIC = NO;
				GCC_NO_COMMON_BLOCKS = YES;
				GCC_OPTIMIZATION_LEVEL = 0;
				GCC_PREPROCESSOR_DEFINITIONS = (
					"DEBUG=1",
					"$(inherited)",
				);
				GCC_WARN_64_TO_32_BIT_CONVERSION = YES;
				GCC_WARN_ABOUT_RETURN_TYPE = YES_ERROR;
				GCC_WARN_UNDECLARED_SELECTOR = YES;
				GCC_WARN_UNINITIALIZED_AUTOS = YES_AGGRESSIVE;
				GCC_WARN_UNUSED_FUNCTION = YES;
				GCC_WARN_UNUSED_VARIABLE = YES;
				IPHONEOS_DEPLOYMENT_TARGET = 15.5;
				MTL_ENABLE_DEBUG_INFO = INCLUDE_SOURCE;
				MTL_FAST_MATH = YES;
				ONLY_ACTIVE_ARCH = YES;
				SDKROOT = iphoneos;
				SWIFT_ACTIVE_COMPILATION_CONDITIONS = DEBUG;
				SWIFT_OPTIMIZATION_LEVEL = "-Onone";
			};
			name = Debug;
		};
		97A5B1A7293CD11B005B7492 /* Release */ = {
			isa = XCBuildConfiguration;
			buildSettings = {
				ALWAYS_SEARCH_USER_PATHS = NO;
				CLANG_ANALYZER_NONNULL = YES;
				CLANG_ANALYZER_NUMBER_OBJECT_CONVERSION = YES_AGGRESSIVE;
				CLANG_CXX_LANGUAGE_STANDARD = "gnu++17";
				CLANG_ENABLE_MODULES = YES;
				CLANG_ENABLE_OBJC_ARC = YES;
				CLANG_ENABLE_OBJC_WEAK = YES;
				CLANG_WARN_BLOCK_CAPTURE_AUTORELEASING = YES;
				CLANG_WARN_BOOL_CONVERSION = YES;
				CLANG_WARN_COMMA = YES;
				CLANG_WARN_CONSTANT_CONVERSION = YES;
				CLANG_WARN_DEPRECATED_OBJC_IMPLEMENTATIONS = YES;
				CLANG_WARN_DIRECT_OBJC_ISA_USAGE = YES_ERROR;
				CLANG_WARN_DOCUMENTATION_COMMENTS = YES;
				CLANG_WARN_EMPTY_BODY = YES;
				CLANG_WARN_ENUM_CONVERSION = YES;
				CLANG_WARN_INFINITE_RECURSION = YES;
				CLANG_WARN_INT_CONVERSION = YES;
				CLANG_WARN_NON_LITERAL_NULL_CONVERSION = YES;
				CLANG_WARN_OBJC_IMPLICIT_RETAIN_SELF = YES;
				CLANG_WARN_OBJC_LITERAL_CONVERSION = YES;
				CLANG_WARN_OBJC_ROOT_CLASS = YES_ERROR;
				CLANG_WARN_QUOTED_INCLUDE_IN_FRAMEWORK_HEADER = YES;
				CLANG_WARN_RANGE_LOOP_ANALYSIS = YES;
				CLANG_WARN_STRICT_PROTOTYPES = YES;
				CLANG_WARN_SUSPICIOUS_MOVE = YES;
				CLANG_WARN_UNGUARDED_AVAILABILITY = YES_AGGRESSIVE;
				CLANG_WARN_UNREACHABLE_CODE = YES;
				CLANG_WARN__DUPLICATE_METHOD_MATCH = YES;
				COPY_PHASE_STRIP = NO;
				DEBUG_INFORMATION_FORMAT = "dwarf-with-dsym";
				ENABLE_NS_ASSERTIONS = NO;
				ENABLE_STRICT_OBJC_MSGSEND = YES;
				GCC_C_LANGUAGE_STANDARD = gnu11;
				GCC_NO_COMMON_BLOCKS = YES;
				GCC_WARN_64_TO_32_BIT_CONVERSION = YES;
				GCC_WARN_ABOUT_RETURN_TYPE = YES_ERROR;
				GCC_WARN_UNDECLARED_SELECTOR = YES;
				GCC_WARN_UNINITIALIZED_AUTOS = YES_AGGRESSIVE;
				GCC_WARN_UNUSED_FUNCTION = YES;
				GCC_WARN_UNUSED_VARIABLE = YES;
				IPHONEOS_DEPLOYMENT_TARGET = 15.5;
				MTL_ENABLE_DEBUG_INFO = NO;
				MTL_FAST_MATH = YES;
				SDKROOT = iphoneos;
				SWIFT_COMPILATION_MODE = wholemodule;
				SWIFT_OPTIMIZATION_LEVEL = "-O";
				VALIDATE_PRODUCT = YES;
			};
			name = Release;
		};
		97A5B1A9293CD11B005B7492 /* Debug */ = {
			isa = XCBuildConfiguration;
			buildSettings = {
				ASSETCATALOG_COMPILER_APPICON_NAME = AppIcon;
				ASSETCATALOG_COMPILER_GLOBAL_ACCENT_COLOR_NAME = AccentColor;
				CODE_SIGN_STYLE = Automatic;
				CURRENT_PROJECT_VERSION = 1;
				GENERATE_INFOPLIST_FILE = YES;
				INFOPLIST_FILE = "To-Do/Info.plist";
				INFOPLIST_KEY_UIApplicationSupportsIndirectInputEvents = YES;
				INFOPLIST_KEY_UILaunchStoryboardName = LaunchScreen;
				INFOPLIST_KEY_UIMainStoryboardFile = Main;
				INFOPLIST_KEY_UISupportedInterfaceOrientations_iPad = "UIInterfaceOrientationPortrait UIInterfaceOrientationPortraitUpsideDown UIInterfaceOrientationLandscapeLeft UIInterfaceOrientationLandscapeRight";
				INFOPLIST_KEY_UISupportedInterfaceOrientations_iPhone = "UIInterfaceOrientationPortrait UIInterfaceOrientationLandscapeLeft UIInterfaceOrientationLandscapeRight";
				LD_RUNPATH_SEARCH_PATHS = (
					"$(inherited)",
					"@executable_path/Frameworks",
				);
				MARKETING_VERSION = 1.0;
				PRODUCT_BUNDLE_IDENTIFIER = "info.To-Do";
				PRODUCT_NAME = "$(TARGET_NAME)";
				SWIFT_EMIT_LOC_STRINGS = YES;
				SWIFT_VERSION = 5.0;
				TARGETED_DEVICE_FAMILY = "1,2";
			};
			name = Debug;
		};
		97A5B1AA293CD11B005B7492 /* Release */ = {
			isa = XCBuildConfiguration;
			buildSettings = {
				ASSETCATALOG_COMPILER_APPICON_NAME = AppIcon;
				ASSETCATALOG_COMPILER_GLOBAL_ACCENT_COLOR_NAME = AccentColor;
				CODE_SIGN_STYLE = Automatic;
				CURRENT_PROJECT_VERSION = 1;
				GENERATE_INFOPLIST_FILE = YES;
				INFOPLIST_FILE = "To-Do/Info.plist";
				INFOPLIST_KEY_UIApplicationSupportsIndirectInputEvents = YES;
				INFOPLIST_KEY_UILaunchStoryboardName = LaunchScreen;
				INFOPLIST_KEY_UIMainStoryboardFile = Main;
				INFOPLIST_KEY_UISupportedInterfaceOrientations_iPad = "UIInterfaceOrientationPortrait UIInterfaceOrientationPortraitUpsideDown UIInterfaceOrientationLandscapeLeft UIInterfaceOrientationLandscapeRight";
				INFOPLIST_KEY_UISupportedInterfaceOrientations_iPhone = "UIInterfaceOrientationPortrait UIInterfaceOrientationLandscapeLeft UIInterfaceOrientationLandscapeRight";
				LD_RUNPATH_SEARCH_PATHS = (
					"$(inherited)",
					"@executable_path/Frameworks",
				);
				MARKETING_VERSION = 1.0;
				PRODUCT_BUNDLE_IDENTIFIER = "info.To-Do";
				PRODUCT_NAME = "$(TARGET_NAME)";
				SWIFT_EMIT_LOC_STRINGS = YES;
				SWIFT_VERSION = 5.0;
				TARGETED_DEVICE_FAMILY = "1,2";
			};
			name = Release;
		};
/* End XCBuildConfiguration section */

/* Begin XCConfigurationList section */
		97A5B18C293CD11B005B7492 /* Build configuration list for PBXProject "To-Do" */ = {
			isa = XCConfigurationList;
			buildConfigurations = (
				97A5B1A6293CD11B005B7492 /* Debug */,
				97A5B1A7293CD11B005B7492 /* Release */,
			);
			defaultConfigurationIsVisible = 0;
			defaultConfigurationName = Release;
		};
		97A5B1A8293CD11B005B7492 /* Build configuration list for PBXNativeTarget "To-Do" */ = {
			isa = XCConfigurationList;
			buildConfigurations = (
				97A5B1A9293CD11B005B7492 /* Debug */,
				97A5B1AA293CD11B005B7492 /* Release */,
			);
			defaultConfigurationIsVisible = 0;
			defaultConfigurationName = Release;
		};
/* End XCConfigurationList section */

/* Begin XCRemoteSwiftPackageReference section */
		978504D1293E3E81009FAC92 /* XCRemoteSwiftPackageReference "realm-swift" */ = {
			isa = XCRemoteSwiftPackageReference;
			repositoryURL = "https://github.com/realm/realm-swift.git";
			requirement = {
				kind = upToNextMajorVersion;
				minimumVersion = 10.33.0;
			};
		};
/* End XCRemoteSwiftPackageReference section */

/* Begin XCSwiftPackageProductDependency section */
		978504D2293E3E81009FAC92 /* Realm */ = {
			isa = XCSwiftPackageProductDependency;
			package = 978504D1293E3E81009FAC92 /* XCRemoteSwiftPackageReference "realm-swift" */;
			productName = Realm;
		};
		978504D4293E3E81009FAC92 /* RealmSwift */ = {
			isa = XCSwiftPackageProductDependency;
			package = 978504D1293E3E81009FAC92 /* XCRemoteSwiftPackageReference "realm-swift" */;
			productName = RealmSwift;
		};
/* End XCSwiftPackageProductDependency section */
	};
	rootObject = 97A5B189293CD11B005B7492 /* Project object */;
}
